// !$*UTF8*$!
{
	archiveVersion = 1;
	classes = {
	};
	objectVersion = 46;
	objects = {

/* Begin PBXBuildFile section */
		764617B81F1E5BE000370B93 /* AppDelegate.swift in Sources */ = {isa = PBXBuildFile; fileRef = 764617B71F1E5BE000370B93 /* AppDelegate.swift */; };
		764617BA1F1E5BE000370B93 /* ViewController.swift in Sources */ = {isa = PBXBuildFile; fileRef = 764617B91F1E5BE000370B93 /* ViewController.swift */; };
		764617BD1F1E5BE000370B93 /* Main.storyboard in Resources */ = {isa = PBXBuildFile; fileRef = 764617BB1F1E5BE000370B93 /* Main.storyboard */; };
		764617BF1F1E5BE000370B93 /* Assets.xcassets in Resources */ = {isa = PBXBuildFile; fileRef = 764617BE1F1E5BE000370B93 /* Assets.xcassets */; };
		764617C21F1E5BE000370B93 /* LaunchScreen.storyboard in Resources */ = {isa = PBXBuildFile; fileRef = 764617C01F1E5BE000370B93 /* LaunchScreen.storyboard */; };
		764617CA1F1E5C3500370B93 /* YiIndexView.swift in Sources */ = {isa = PBXBuildFile; fileRef = 764617C91F1E5C3500370B93 /* YiIndexView.swift */; };
		764E7B131F24C80900010ED1 /* IndexUtil.swift in Sources */ = {isa = PBXBuildFile; fileRef = 764E7B121F24C80900010ED1 /* IndexUtil.swift */; };
		765CA7991F22F8A900B30C46 /* YiHUDView.swift in Sources */ = {isa = PBXBuildFile; fileRef = 765CA7981F22F8A900B30C46 /* YiHUDView.swift */; };
		765CA79B1F22F9A400B30C46 /* StringUtil.swift in Sources */ = {isa = PBXBuildFile; fileRef = 765CA79A1F22F9A400B30C46 /* StringUtil.swift */; };
/* End PBXBuildFile section */

/* Begin PBXFileReference section */
		764617B41F1E5BE000370B93 /* YiIndex.app */ = {isa = PBXFileReference; explicitFileType = wrapper.application; includeInIndex = 0; path = YiIndex.app; sourceTree = BUILT_PRODUCTS_DIR; };
		764617B71F1E5BE000370B93 /* AppDelegate.swift */ = {isa = PBXFileReference; lastKnownFileType = sourcecode.swift; path = AppDelegate.swift; sourceTree = "<group>"; };
		764617B91F1E5BE000370B93 /* ViewController.swift */ = {isa = PBXFileReference; lastKnownFileType = sourcecode.swift; path = ViewController.swift; sourceTree = "<group>"; };
		764617BC1F1E5BE000370B93 /* Base */ = {isa = PBXFileReference; lastKnownFileType = file.storyboard; name = Base; path = Base.lproj/Main.storyboard; sourceTree = "<group>"; };
		764617BE1F1E5BE000370B93 /* Assets.xcassets */ = {isa = PBXFileReference; lastKnownFileType = folder.assetcatalog; path = Assets.xcassets; sourceTree = "<group>"; };
		764617C11F1E5BE000370B93 /* Base */ = {isa = PBXFileReference; lastKnownFileType = file.storyboard; name = Base; path = Base.lproj/LaunchScreen.storyboard; sourceTree = "<group>"; };
		764617C31F1E5BE000370B93 /* Info.plist */ = {isa = PBXFileReference; lastKnownFileType = text.plist.xml; path = Info.plist; sourceTree = "<group>"; };
		764617C91F1E5C3500370B93 /* YiIndexView.swift */ = {isa = PBXFileReference; fileEncoding = 4; lastKnownFileType = sourcecode.swift; name = YiIndexView.swift; path = View/YiIndexView.swift; sourceTree = "<group>"; };
		764E7B121F24C80900010ED1 /* IndexUtil.swift */ = {isa = PBXFileReference; fileEncoding = 4; lastKnownFileType = sourcecode.swift; name = IndexUtil.swift; path = Util/IndexUtil.swift; sourceTree = "<group>"; };
		765CA7981F22F8A900B30C46 /* YiHUDView.swift */ = {isa = PBXFileReference; fileEncoding = 4; lastKnownFileType = sourcecode.swift; name = YiHUDView.swift; path = View/YiHUDView.swift; sourceTree = "<group>"; };
		765CA79A1F22F9A400B30C46 /* StringUtil.swift */ = {isa = PBXFileReference; fileEncoding = 4; lastKnownFileType = sourcecode.swift; name = StringUtil.swift; path = Util/StringUtil.swift; sourceTree = "<group>"; };
/* End PBXFileReference section */

/* Begin PBXFrameworksBuildPhase section */
		764617B11F1E5BE000370B93 /* Frameworks */ = {
			isa = PBXFrameworksBuildPhase;
			buildActionMask = 2147483647;
			files = (
			);
			runOnlyForDeploymentPostprocessing = 0;
		};
/* End PBXFrameworksBuildPhase section */

/* Begin PBXGroup section */
		764617AB1F1E5BE000370B93 = {
			isa = PBXGroup;
			children = (
				764617B61F1E5BE000370B93 /* YiIndex */,
				764617B51F1E5BE000370B93 /* Products */,
			);
			sourceTree = "<group>";
		};
		764617B51F1E5BE000370B93 /* Products */ = {
			isa = PBXGroup;
			children = (
				764617B41F1E5BE000370B93 /* YiIndex.app */,
			);
			name = Products;
			sourceTree = "<group>";
		};
		764617B61F1E5BE000370B93 /* YiIndex */ = {
			isa = PBXGroup;
			children = (
				764617B71F1E5BE000370B93 /* AppDelegate.swift */,
				764617B91F1E5BE000370B93 /* ViewController.swift */,
				764617BB1F1E5BE000370B93 /* Main.storyboard */,
				764617C01F1E5BE000370B93 /* LaunchScreen.storyboard */,
				764617BE1F1E5BE000370B93 /* Assets.xcassets */,
				764617C31F1E5BE000370B93 /* Info.plist */,
				764617C91F1E5C3500370B93 /* YiIndexView.swift */,
				765CA7981F22F8A900B30C46 /* YiHUDView.swift */,
				765CA79A1F22F9A400B30C46 /* StringUtil.swift */,
				764E7B121F24C80900010ED1 /* IndexUtil.swift */,
			);
			path = YiIndex;
			sourceTree = "<group>";
		};
/* End PBXGroup section */

/* Begin PBXNativeTarget section */
		764617B31F1E5BE000370B93 /* YiIndex */ = {
			isa = PBXNativeTarget;
			buildConfigurationList = 764617C61F1E5BE000370B93 /* Build configuration list for PBXNativeTarget "YiIndex" */;
			buildPhases = (
				764617B01F1E5BE000370B93 /* Sources */,
				764617B11F1E5BE000370B93 /* Frameworks */,
				764617B21F1E5BE000370B93 /* Resources */,
			);
			buildRules = (
			);
			dependencies = (
			);
			name = YiIndex;
			productName = YiIndex;
			productReference = 764617B41F1E5BE000370B93 /* YiIndex.app */;
			productType = "com.apple.product-type.application";
		};
/* End PBXNativeTarget section */

/* Begin PBXProject section */
		764617AC1F1E5BE000370B93 /* Project object */ = {
			isa = PBXProject;
			attributes = {
				LastSwiftUpdateCheck = 0830;
				LastUpgradeCheck = 0830;
				ORGANIZATIONNAME = cookie;
				TargetAttributes = {
					764617B31F1E5BE000370B93 = {
						CreatedOnToolsVersion = 8.3.3;
						DevelopmentTeam = 2RNKT55WYW;
						ProvisioningStyle = Automatic;
					};
				};
			};
			buildConfigurationList = 764617AF1F1E5BE000370B93 /* Build configuration list for PBXProject "YiIndex" */;
			compatibilityVersion = "Xcode 3.2";
			developmentRegion = English;
			hasScannedForEncodings = 0;
			knownRegions = (
				en,
				Base,
			);
			mainGroup = 764617AB1F1E5BE000370B93;
			productRefGroup = 764617B51F1E5BE000370B93 /* Products */;
			projectDirPath = "";
			projectRoot = "";
			targets = (
				764617B31F1E5BE000370B93 /* YiIndex */,
			);
		};
/* End PBXProject section */

/* Begin PBXResourcesBuildPhase section */
		764617B21F1E5BE000370B93 /* Resources */ = {
			isa = PBXResourcesBuildPhase;
			buildActionMask = 2147483647;
			files = (
				764617C21F1E5BE000370B93 /* LaunchScreen.storyboard in Resources */,
				764617BF1F1E5BE000370B93 /* Assets.xcassets in Resources */,
				764617BD1F1E5BE000370B93 /* Main.storyboard in Resources */,
			);
			runOnlyForDeploymentPostprocessing = 0;
		};
/* End PBXResourcesBuildPhase section */

/* Begin PBXSourcesBuildPhase section */
		764617B01F1E5BE000370B93 /* Sources */ = {
			isa = PBXSourcesBuildPhase;
			buildActionMask = 2147483647;
			files = (
				764E7B131F24C80900010ED1 /* IndexUtil.swift in Sources */,
				765CA7991F22F8A900B30C46 /* YiHUDView.swift in Sources */,
				764617BA1F1E5BE000370B93 /* ViewController.swift in Sources */,
				765CA79B1F22F9A400B30C46 /* StringUtil.swift in Sources */,
				764617CA1F1E5C3500370B93 /* YiIndexView.swift in Sources */,
				764617B81F1E5BE000370B93 /* AppDelegate.swift in Sources */,
			);
			runOnlyForDeploymentPostprocessing = 0;
		};
/* End PBXSourcesBuildPhase section */

/* Begin PBXVariantGroup section */
		764617BB1F1E5BE000370B93 /* Main.storyboard */ = {
			isa = PBXVariantGroup;
			children = (
				764617BC1F1E5BE000370B93 /* Base */,
			);
			name = Main.storyboard;
			sourceTree = "<group>";
		};
		764617C01F1E5BE000370B93 /* LaunchScreen.storyboard */ = {
			isa = PBXVariantGroup;
			children = (
				764617C11F1E5BE000370B93 /* Base */,
			);
			name = LaunchScreen.storyboard;
			sourceTree = "<group>";
		};
/* End PBXVariantGroup section */

/* Begin XCBuildConfiguration section */
		764617C41F1E5BE000370B93 /* Debug */ = {
			isa = XCBuildConfiguration;
			buildSettings = {
				ALWAYS_SEARCH_USER_PATHS = NO;
				CLANG_ANALYZER_NONNULL = YES;
				CLANG_ANALYZER_NUMBER_OBJECT_CONVERSION = YES_AGGRESSIVE;
				CLANG_CXX_LANGUAGE_STANDARD = "gnu++0x";
				CLANG_CXX_LIBRARY = "libc++";
				CLANG_ENABLE_MODULES = YES;
				CLANG_ENABLE_OBJC_ARC = YES;
				CLANG_WARN_BOOL_CONVERSION = YES;
				CLANG_WARN_CONSTANT_CONVERSION = YES;
				CLANG_WARN_DIRECT_OBJC_ISA_USAGE = YES_ERROR;
				CLANG_WARN_DOCUMENTATION_COMMENTS = YES;
				CLANG_WARN_EMPTY_BODY = YES;
				CLANG_WARN_ENUM_CONVERSION = YES;
				CLANG_WARN_INFINITE_RECURSION = YES;
				CLANG_WARN_INT_CONVERSION = YES;
				CLANG_WARN_OBJC_ROOT_CLASS = YES_ERROR;
				CLANG_WARN_SUSPICIOUS_MOVE = YES;
				CLANG_WARN_UNREACHABLE_CODE = YES;
				CLANG_WARN__DUPLICATE_METHOD_MATCH = YES;
				"CODE_SIGN_IDENTITY[sdk=iphoneos*]" = "iPhone Developer";
				COPY_PHASE_STRIP = NO;
				DEBUG_INFORMATION_FORMAT = dwarf;
				ENABLE_STRICT_OBJC_MSGSEND = YES;
				ENABLE_TESTABILITY = YES;
				GCC_C_LANGUAGE_STANDARD = gnu99;
				GCC_DYNAMIC_NO_PIC = NO;
				GCC_NO_COMMON_BLOCKS = YES;
				GCC_OPTIMIZATION_LEVEL = 0;
				GCC_PREPROCESSOR_DEFINITIONS = (
					"DEBUG=1",
					"$(inherited)",
				);
				GCC_WARN_64_TO_32_BIT_CONVERSION = YES;
				GCC_WARN_ABOUT_RETURN_TYPE = YES_ERROR;
				GCC_WARN_UNDECLARED_SELECTOR = YES;
				GCC_WARN_UNINITIALIZED_AUTOS = YES_AGGRESSIVE;
				GCC_WARN_UNUSED_FUNCTION = YES;
				GCC_WARN_UNUSED_VARIABLE = YES;
				IPHONEOS_DEPLOYMENT_TARGET = 10.3;
				MTL_ENABLE_DEBUG_INFO = YES;
				ONLY_ACTIVE_ARCH = YES;
				SDKROOT = iphoneos;
				SWIFT_ACTIVE_COMPILATION_CONDITIONS = DEBUG;
				SWIFT_OPTIMIZATION_LEVEL = "-Onone";
			};
			name = Debug;
		};
		764617C51F1E5BE000370B93 /* Release */ = {
			isa = XCBuildConfiguration;
			buildSettings = {
				ALWAYS_SEARCH_USER_PATHS = NO;
				CLANG_ANALYZER_NONNULL = YES;
				CLANG_ANALYZER_NUMBER_OBJECT_CONVERSION = YES_AGGRESSIVE;
				CLANG_CXX_LANGUAGE_STANDARD = "gnu++0x";
				CLANG_CXX_LIBRARY = "libc++";
				CLANG_ENABLE_MODULES = YES;
				CLANG_ENABLE_OBJC_ARC = YES;
				CLANG_WARN_BOOL_CONVERSION = YES;
				CLANG_WARN_CONSTANT_CONVERSION = YES;
				CLANG_WARN_DIRECT_OBJC_ISA_USAGE = YES_ERROR;
				CLANG_WARN_DOCUMENTATION_COMMENTS = YES;
				CLANG_WARN_EMPTY_BODY = YES;
				CLANG_WARN_ENUM_CONVERSION = YES;
				CLANG_WARN_INFINITE_RECURSION = YES;
				CLANG_WARN_INT_CONVERSION = YES;
				CLANG_WARN_OBJC_ROOT_CLASS = YES_ERROR;
				CLANG_WARN_SUSPICIOUS_MOVE = YES;
				CLANG_WARN_UNREACHABLE_CODE = YES;
				CLANG_WARN__DUPLICATE_METHOD_MATCH = YES;
				"CODE_SIGN_IDENTITY[sdk=iphoneos*]" = "iPhone Developer";
				COPY_PHASE_STRIP = NO;
				DEBUG_INFORMATION_FORMAT = "dwarf-with-dsym";
				ENABLE_NS_ASSERTIONS = NO;
				ENABLE_STRICT_OBJC_MSGSEND = YES;
				GCC_C_LANGUAGE_STANDARD = gnu99;
				GCC_NO_COMMON_BLOCKS = YES;
				GCC_WARN_64_TO_32_BIT_CONVERSION = YES;
				GCC_WARN_ABOUT_RETURN_TYPE = YES_ERROR;
				GCC_WARN_UNDECLARED_SELECTOR = YES;
				GCC_WARN_UNINITIALIZED_AUTOS = YES_AGGRESSIVE;
				GCC_WARN_UNUSED_FUNCTION = YES;
				GCC_WARN_UNUSED_VARIABLE = YES;
				IPHONEOS_DEPLOYMENT_TARGET = 10.3;
				MTL_ENABLE_DEBUG_INFO = NO;
				SDKROOT = iphoneos;
				SWIFT_OPTIMIZATION_LEVEL = "-Owholemodule";
				VALIDATE_PRODUCT = YES;
			};
			name = Release;
		};
		764617C71F1E5BE000370B93 /* Debug */ = {
			isa = XCBuildConfiguration;
			buildSettings = {
				ASSETCATALOG_COMPILER_APPICON_NAME = AppIcon;
				DEVELOPMENT_TEAM = 2RNKT55WYW;
				INFOPLIST_FILE = YiIndex/Info.plist;
				LD_RUNPATH_SEARCH_PATHS = "$(inherited) @executable_path/Frameworks";
				PRODUCT_BUNDLE_IDENTIFIER = zby.YiIndex;
				PRODUCT_NAME = "$(TARGET_NAME)";
				SWIFT_VERSION = 3.0;
			};
			name = Debug;
		};
		764617C81F1E5BE000370B93 /* Release */ = {
			isa = XCBuildConfiguration;
			buildSettings = {
				ASSETCATALOG_COMPILER_APPICON_NAME = AppIcon;
				DEVELOPMENT_TEAM = 2RNKT55WYW;
				INFOPLIST_FILE = YiIndex/Info.plist;
				LD_RUNPATH_SEARCH_PATHS = "$(inherited) @executable_path/Frameworks";
				PRODUCT_BUNDLE_IDENTIFIER = zby.YiIndex;
				PRODUCT_NAME = "$(TARGET_NAME)";
				SWIFT_VERSION = 3.0;
			};
			name = Release;
		};
/* End XCBuildConfiguration section */

/* Begin XCConfigurationList section */
		764617AF1F1E5BE000370B93 /* Build configuration list for PBXProject "YiIndex" */ = {
			isa = XCConfigurationList;
			buildConfigurations = (
				764617C41F1E5BE000370B93 /* Debug */,
				764617C51F1E5BE000370B93 /* Release */,
			);
			defaultConfigurationIsVisible = 0;
			defaultConfigurationName = Release;
		};
		764617C61F1E5BE000370B93 /* Build configuration list for PBXNativeTarget "YiIndex" */ = {
			isa = XCConfigurationList;
			buildConfigurations = (
				764617C71F1E5BE000370B93 /* Debug */,
				764617C81F1E5BE000370B93 /* Release */,
			);
			defaultConfigurationIsVisible = 0;
			defaultConfigurationName = Release;
		};
/* End XCConfigurationList section */
	};
	rootObject = 764617AC1F1E5BE000370B93 /* Project object */;
}
